
Microsoft Visual Studio Solution File, Format Version 12.00
# Visual Studio Version 16
VisualStudioVersion = 16.0.30711.63
MinimumVisualStudioVersion = 10.0.40219.1
Project("{888888A0-9F3D-457C-B088-3A5042F75D52}") = "lab7solved", "lab7solved\lab7solved.pyproj", "{7EFBE4A9-F192-4070-9F9E-7D0C3AAE1FFF}"
EndProject
Global
	GlobalSection(SolutionConfigurationPlatforms) = preSolution
		Debug|Any CPU = Debug|Any CPU
		Release|Any CPU = Release|Any CPU
	EndGlobalSection
	GlobalSection(ProjectConfigurationPlatforms) = postSolution
		{7EFBE4A9-F192-4070-9F9E-7D0C3AAE1FFF}.Debug|Any CPU.ActiveCfg = Debug|Any CPU
		{7EFBE4A9-F192-4070-9F9E-7D0C3AAE1FFF}.Debug|Any CPU.Build.0 = Debug|Any CPU
		{7EFBE4A9-F192-4070-9F9E-7D0C3AAE1FFF}.Release|Any CPU.ActiveCfg = Release|Any CPU
		{7EFBE4A9-F192-4070-9F9E-7D0C3AAE1FFF}.Release|Any CPU.Build.0 = Release|Any CPU
	EndGlobalSection
	GlobalSection(SolutionProperties) = preSolution
		HideSolutionNode = FALSE
	EndGlobalSection
	GlobalSection(ExtensibilityGlobals) = postSolution
		SolutionGuid = {2A1EE470-F186-4F5A-B40F-2AC181402321}
	EndGlobalSection
EndGlobal
